
Microsoft Visual Studio Solution File, Format Version 10.00
# Visual Studio 2008
Project("{8BC9CEB8-8B4A-11D0-8D11-00A0C91BC942}") = "MyDriver", "MyDriver\MyDriver.vcproj", "{C919ACE5-0251-4C7E-8A4C-E670492D1B3E}"
EndProject
Global
	GlobalSection(SolutionConfigurationPlatforms) = preSolution
		Debug|Win32 = Debug|Win32
		Release|Win32 = Release|Win32
	EndGlobalSection
	GlobalSection(ProjectConfigurationPlatforms) = postSolution
		{C919ACE5-0251-4C7E-8A4C-E670492D1B3E}.Debug|Win32.ActiveCfg = Debug|Win32
		{C919ACE5-0251-4C7E-8A4C-E670492D1B3E}.Debug|Win32.Build.0 = Debug|Win32
		{C919ACE5-0251-4C7E-8A4C-E670492D1B3E}.Release|Win32.ActiveCfg = Release|Win32
		{C919ACE5-0251-4C7E-8A4C-E670492D1B3E}.Release|Win32.Build.0 = Release|Win32
	EndGlobalSection
	GlobalSection(SolutionProperties) = preSolution
		HideSolutionNode = FALSE
	EndGlobalSection
EndGlobal
